<?xml version="1.0" encoding="utf-8"?>
<Project ToolsVersion="4.0" xmlns="http://schemas.microsoft.com/developer/msbuild/2003">
  <ItemGroup>
    <Filter Include="Main">
      <UniqueIdentifier>{3308e3bb-432b-4c4b-acc0-009c8287b524}</UniqueIdentifier>
    </Filter>
    <Filter Include="Utils">
      <UniqueIdentifier>{10b2bbf6-e00b-4e41-9e7b-960469c1ff31}</UniqueIdentifier>
    </Filter>
    <Filter Include="Lesson">
      <UniqueIdentifier>{0dd30636-47a9-478d-a4d2-c25564b51021}</UniqueIdentifier>
    </Filter>
  </ItemGroup>
  <ItemGroup>
    <ClCompile Include="GameServer.cpp">
      <Filter>Main</Filter>
    </ClCompile>
    <ClCompile Include="pch.cpp">
      <Filter>Utils</Filter>
    </ClCompile>
    <ClCompile Include="01_Create Threads.cpp">
      <Filter>Lesson</Filter>
    </ClCompile>
    <ClCompile Include="02_Atomic.cpp">
      <Filter>Lesson</Filter>
    </ClCompile>
    <ClCompile Include="03_Lock.cpp">
      <Filter>Lesson</Filter>
    </ClCompile>
  </ItemGroup>
  <ItemGroup>
    <ClInclude Include="pch.h">
      <Filter>Utils</Filter>
    </ClInclude>
  </ItemGroup>
</Project>