<?xml version="1.0" encoding="utf-8"?>
<Project ToolsVersion="4.0" xmlns="http://schemas.microsoft.com/developer/msbuild/2003">
  <ItemGroup>
    <Filter Include="Lesson">
      <UniqueIdentifier>{4FC737F1-C7A5-4376-A066-2A32D752A2FF}</UniqueIdentifier>
      <Extensions>cpp;c;cc;cxx;c++;cppm;ixx;def;odl;idl;hpj;bat;asm;asmx</Extensions>
    </Filter>
  </ItemGroup>
  <ItemGroup>
    <ClCompile Include="04_2_UserManager.cpp">
      <Filter>Lesson</Filter>
    </ClCompile>
    <ClCompile Include="04_3_AccountManager.cpp">
      <Filter>Lesson</Filter>
    </ClCompile>
    <ClCompile Include="pch.cpp">
      <Filter>Lesson</Filter>
    </ClCompile>
    <ClCompile Include="Lesson.cpp">
      <Filter>Lesson</Filter>
    </ClCompile>
  </ItemGroup>
  <ItemGroup>
    <ClInclude Include="04_2_UserManager.h">
      <Filter>Lesson</Filter>
    </ClInclude>
    <ClInclude Include="04_3_AccountManager.h">
      <Filter>Lesson</Filter>
    </ClInclude>
    <ClInclude Include="14_1_ConcurrentStack.h">
      <Filter>Lesson</Filter>
    </ClInclude>
    <ClInclude Include="14_2_ConcurrentQueue.h">
      <Filter>Lesson</Filter>
    </ClInclude>
    <ClInclude Include="pch.h">
      <Filter>Lesson</Filter>
    </ClInclude>
    <ClInclude Include="16_RefCounting.h">
      <Filter>Lesson</Filter>
    </ClInclude>
    <ClInclude Include="01_CreateThreads.h">
      <Filter>Lesson</Filter>
    </ClInclude>
    <ClInclude Include="02_Atomic.h">
      <Filter>Lesson</Filter>
    </ClInclude>
    <ClInclude Include="05_SpinLock.h">
      <Filter>Lesson</Filter>
    </ClInclude>
    <ClInclude Include="06_Sleep.h">
      <Filter>Lesson</Filter>
    </ClInclude>
    <ClInclude Include="07_Event.h">
      <Filter>Lesson</Filter>
    </ClInclude>
    <ClInclude Include="08_ConditionVariable.h">
      <Filter>Lesson</Filter>
    </ClInclude>
    <ClInclude Include="09_Future.h">
      <Filter>Lesson</Filter>
    </ClInclude>
    <ClInclude Include="10_Cache.h">
      <Filter>Lesson</Filter>
    </ClInclude>
    <ClInclude Include="11_CPUPipeline.h">
      <Filter>Lesson</Filter>
    </ClInclude>
    <ClInclude Include="12_MemoryModel.h">
      <Filter>Lesson</Filter>
    </ClInclude>
    <ClInclude Include="13_ThreadLocalStorage.h">
      <Filter>Lesson</Filter>
    </ClInclude>
    <ClInclude Include="04_1_DeadLock.h">
      <Filter>Lesson</Filter>
    </ClInclude>
    <ClInclude Include="03_Lock.h">
      <Filter>Lesson</Filter>
    </ClInclude>
    <ClInclude Include="15_FindPrimeNumbers.h">
      <Filter>Lesson</Filter>
    </ClInclude>
  </ItemGroup>
</Project>